
Microsoft Visual Studio Solution File, Format Version 12.00
# Visual Studio Version 17
VisualStudioVersion = 17.9.34607.119
MinimumVisualStudioVersion = 10.0.40219.1
Project("{9A19103F-16F7-4668-BE54-9A1E7A4F7556}") = "Soft", "Soft\Soft.csproj", "{CF99B31A-0A61-4308-BA5D-33EB0694BAFE}"
EndProject
Project("{9A19103F-16F7-4668-BE54-9A1E7A4F7556}") = "Pages", "Pages\Pages.csproj", "{6C69B6B4-9559-4453-95DF-19C501956726}"
EndProject
Project("{9A19103F-16F7-4668-BE54-9A1E7A4F7556}") = "Domain", "Domain\Domain.csproj", "{6A7F9231-503D-4E7A-8E52-E9FE28CEB5B2}"
EndProject
Project("{9A19103F-16F7-4668-BE54-9A1E7A4F7556}") = "Facade", "Facade\Facade.csproj", "{F370FB6B-22ED-4E2C-B295-212487BCD489}"
EndProject
Project("{9A19103F-16F7-4668-BE54-9A1E7A4F7556}") = "Infra", "Infra\Infra.csproj", "{B9FB3324-E45E-4851-B1B6-EE98B7359576}"
EndProject
Project("{9A19103F-16F7-4668-BE54-9A1E7A4F7556}") = "Aids", "Aids\Aids.csproj", "{89FC8C6A-04E5-4A25-8E87-8B28F5064F0F}"
EndProject
Project("{9A19103F-16F7-4668-BE54-9A1E7A4F7556}") = "Data", "Data\Data.csproj", "{DD8EC91D-2EB4-46D8-8E75-D36BAB62FD01}"
EndProject
Project("{9A19103F-16F7-4668-BE54-9A1E7A4F7556}") = "Tests.Aids", "Tests\Aids\Tests.Aids.csproj", "{F456A3F6-FB70-48A9-992C-E1C54008EDFD}"
EndProject
Project("{9A19103F-16F7-4668-BE54-9A1E7A4F7556}") = "Tests.Data", "Tests\Data\Tests.Data.csproj", "{586A9E5C-118C-40C0-87EC-45E10C8288B5}"
EndProject
Project("{9A19103F-16F7-4668-BE54-9A1E7A4F7556}") = "Tests.Domain", "Tests\Domain\Tests.Domain.csproj", "{D2F3DD53-3414-4CA0-B6D5-CF69CECCDEE3}"
EndProject
Project("{9A19103F-16F7-4668-BE54-9A1E7A4F7556}") = "Tests.Facade", "Tests\Facade\Tests.Facade.csproj", "{E0175ED6-256D-4D10-8F9C-5FEF659E00E8}"
EndProject
Project("{9A19103F-16F7-4668-BE54-9A1E7A4F7556}") = "Tests.Infra", "Tests\Infra\Tests.Infra.csproj", "{43EAC5BC-FC85-488C-88A2-C21FBA900C70}"
EndProject
Project("{9A19103F-16F7-4668-BE54-9A1E7A4F7556}") = "Tests.Pages", "Tests\Pages\Tests.Pages.csproj", "{A4A24B80-23F4-49EF-93CA-76D729AC109F}"
EndProject
Project("{9A19103F-16F7-4668-BE54-9A1E7A4F7556}") = "Tests.Soft", "Tests\Soft\Tests.Soft.csproj", "{E6A061E4-3C49-4A5A-8B14-0BF005F18E9D}"
EndProject
Global
	GlobalSection(SolutionConfigurationPlatforms) = preSolution
		Debug|Any CPU = Debug|Any CPU
		Release|Any CPU = Release|Any CPU
	EndGlobalSection
	GlobalSection(ProjectConfigurationPlatforms) = postSolution
		{CF99B31A-0A61-4308-BA5D-33EB0694BAFE}.Debug|Any CPU.ActiveCfg = Debug|Any CPU
		{CF99B31A-0A61-4308-BA5D-33EB0694BAFE}.Debug|Any CPU.Build.0 = Debug|Any CPU
		{CF99B31A-0A61-4308-BA5D-33EB0694BAFE}.Release|Any CPU.ActiveCfg = Release|Any CPU
		{CF99B31A-0A61-4308-BA5D-33EB0694BAFE}.Release|Any CPU.Build.0 = Release|Any CPU
		{6C69B6B4-9559-4453-95DF-19C501956726}.Debug|Any CPU.ActiveCfg = Debug|Any CPU
		{6C69B6B4-9559-4453-95DF-19C501956726}.Debug|Any CPU.Build.0 = Debug|Any CPU
		{6C69B6B4-9559-4453-95DF-19C501956726}.Release|Any CPU.ActiveCfg = Release|Any CPU
		{6C69B6B4-9559-4453-95DF-19C501956726}.Release|Any CPU.Build.0 = Release|Any CPU
		{6A7F9231-503D-4E7A-8E52-E9FE28CEB5B2}.Debug|Any CPU.ActiveCfg = Debug|Any CPU
		{6A7F9231-503D-4E7A-8E52-E9FE28CEB5B2}.Debug|Any CPU.Build.0 = Debug|Any CPU
		{6A7F9231-503D-4E7A-8E52-E9FE28CEB5B2}.Release|Any CPU.ActiveCfg = Release|Any CPU
		{6A7F9231-503D-4E7A-8E52-E9FE28CEB5B2}.Release|Any CPU.Build.0 = Release|Any CPU
		{F370FB6B-22ED-4E2C-B295-212487BCD489}.Debug|Any CPU.ActiveCfg = Debug|Any CPU
		{F370FB6B-22ED-4E2C-B295-212487BCD489}.Debug|Any CPU.Build.0 = Debug|Any CPU
		{F370FB6B-22ED-4E2C-B295-212487BCD489}.Release|Any CPU.ActiveCfg = Release|Any CPU
		{F370FB6B-22ED-4E2C-B295-212487BCD489}.Release|Any CPU.Build.0 = Release|Any CPU
		{B9FB3324-E45E-4851-B1B6-EE98B7359576}.Debug|Any CPU.ActiveCfg = Debug|Any CPU
		{B9FB3324-E45E-4851-B1B6-EE98B7359576}.Debug|Any CPU.Build.0 = Debug|Any CPU
		{B9FB3324-E45E-4851-B1B6-EE98B7359576}.Release|Any CPU.ActiveCfg = Release|Any CPU
		{B9FB3324-E45E-4851-B1B6-EE98B7359576}.Release|Any CPU.Build.0 = Release|Any CPU
		{89FC8C6A-04E5-4A25-8E87-8B28F5064F0F}.Debug|Any CPU.ActiveCfg = Debug|Any CPU
		{89FC8C6A-04E5-4A25-8E87-8B28F5064F0F}.Debug|Any CPU.Build.0 = Debug|Any CPU
		{89FC8C6A-04E5-4A25-8E87-8B28F5064F0F}.Release|Any CPU.ActiveCfg = Release|Any CPU
		{89FC8C6A-04E5-4A25-8E87-8B28F5064F0F}.Release|Any CPU.Build.0 = Release|Any CPU
		{DD8EC91D-2EB4-46D8-8E75-D36BAB62FD01}.Debug|Any CPU.ActiveCfg = Debug|Any CPU
		{DD8EC91D-2EB4-46D8-8E75-D36BAB62FD01}.Debug|Any CPU.Build.0 = Debug|Any CPU
		{DD8EC91D-2EB4-46D8-8E75-D36BAB62FD01}.Release|Any CPU.ActiveCfg = Release|Any CPU
		{DD8EC91D-2EB4-46D8-8E75-D36BAB62FD01}.Release|Any CPU.Build.0 = Release|Any CPU
		{F456A3F6-FB70-48A9-992C-E1C54008EDFD}.Debug|Any CPU.ActiveCfg = Debug|Any CPU
		{F456A3F6-FB70-48A9-992C-E1C54008EDFD}.Debug|Any CPU.Build.0 = Debug|Any CPU
		{F456A3F6-FB70-48A9-992C-E1C54008EDFD}.Release|Any CPU.ActiveCfg = Release|Any CPU
		{F456A3F6-FB70-48A9-992C-E1C54008EDFD}.Release|Any CPU.Build.0 = Release|Any CPU
		{586A9E5C-118C-40C0-87EC-45E10C8288B5}.Debug|Any CPU.ActiveCfg = Debug|Any CPU
		{586A9E5C-118C-40C0-87EC-45E10C8288B5}.Debug|Any CPU.Build.0 = Debug|Any CPU
		{586A9E5C-118C-40C0-87EC-45E10C8288B5}.Release|Any CPU.ActiveCfg = Release|Any CPU
		{586A9E5C-118C-40C0-87EC-45E10C8288B5}.Release|Any CPU.Build.0 = Release|Any CPU
		{D2F3DD53-3414-4CA0-B6D5-CF69CECCDEE3}.Debug|Any CPU.ActiveCfg = Debug|Any CPU
		{D2F3DD53-3414-4CA0-B6D5-CF69CECCDEE3}.Debug|Any CPU.Build.0 = Debug|Any CPU
		{D2F3DD53-3414-4CA0-B6D5-CF69CECCDEE3}.Release|Any CPU.ActiveCfg = Release|Any CPU
		{D2F3DD53-3414-4CA0-B6D5-CF69CECCDEE3}.Release|Any CPU.Build.0 = Release|Any CPU
		{E0175ED6-256D-4D10-8F9C-5FEF659E00E8}.Debug|Any CPU.ActiveCfg = Debug|Any CPU
		{E0175ED6-256D-4D10-8F9C-5FEF659E00E8}.Debug|Any CPU.Build.0 = Debug|Any CPU
		{E0175ED6-256D-4D10-8F9C-5FEF659E00E8}.Release|Any CPU.ActiveCfg = Release|Any CPU
		{E0175ED6-256D-4D10-8F9C-5FEF659E00E8}.Release|Any CPU.Build.0 = Release|Any CPU
		{43EAC5BC-FC85-488C-88A2-C21FBA900C70}.Debug|Any CPU.ActiveCfg = Debug|Any CPU
		{43EAC5BC-FC85-488C-88A2-C21FBA900C70}.Debug|Any CPU.Build.0 = Debug|Any CPU
		{43EAC5BC-FC85-488C-88A2-C21FBA900C70}.Release|Any CPU.ActiveCfg = Release|Any CPU
		{43EAC5BC-FC85-488C-88A2-C21FBA900C70}.Release|Any CPU.Build.0 = Release|Any CPU
		{A4A24B80-23F4-49EF-93CA-76D729AC109F}.Debug|Any CPU.ActiveCfg = Debug|Any CPU
		{A4A24B80-23F4-49EF-93CA-76D729AC109F}.Debug|Any CPU.Build.0 = Debug|Any CPU
		{A4A24B80-23F4-49EF-93CA-76D729AC109F}.Release|Any CPU.ActiveCfg = Release|Any CPU
		{A4A24B80-23F4-49EF-93CA-76D729AC109F}.Release|Any CPU.Build.0 = Release|Any CPU
		{E6A061E4-3C49-4A5A-8B14-0BF005F18E9D}.Debug|Any CPU.ActiveCfg = Debug|Any CPU
		{E6A061E4-3C49-4A5A-8B14-0BF005F18E9D}.Debug|Any CPU.Build.0 = Debug|Any CPU
		{E6A061E4-3C49-4A5A-8B14-0BF005F18E9D}.Release|Any CPU.ActiveCfg = Release|Any CPU
		{E6A061E4-3C49-4A5A-8B14-0BF005F18E9D}.Release|Any CPU.Build.0 = Release|Any CPU
	EndGlobalSection
	GlobalSection(SolutionProperties) = preSolution
		HideSolutionNode = FALSE
	EndGlobalSection
	GlobalSection(ExtensibilityGlobals) = postSolution
		SolutionGuid = {E0725C0B-D3DB-456A-A0D0-A7D4B473A537}
	EndGlobalSection
EndGlobal
